
Microsoft Visual Studio Solution File, Format Version 12.00
# Visual Studio 15
VisualStudioVersion = 15.0.27130.2027
MinimumVisualStudioVersion = 10.0.40219.1
Project("{FAE04EC0-301F-11D3-BF4B-00C04F79EFBC}") = "Calc", "Calc\Calc.csproj", "{0C58B106-AD27-48AF-A77E-14AFD7EC2D12}"
EndProject
Global
	GlobalSection(SolutionConfigurationPlatforms) = preSolution
		Debug|Any CPU = Debug|Any CPU
		Release|Any CPU = Release|Any CPU
	EndGlobalSection
	GlobalSection(ProjectConfigurationPlatforms) = postSolution
		{0C58B106-AD27-48AF-A77E-14AFD7EC2D12}.Debug|Any CPU.ActiveCfg = Debug|Any CPU
		{0C58B106-AD27-48AF-A77E-14AFD7EC2D12}.Debug|Any CPU.Build.0 = Debug|Any CPU
		{0C58B106-AD27-48AF-A77E-14AFD7EC2D12}.Release|Any CPU.ActiveCfg = Release|Any CPU
		{0C58B106-AD27-48AF-A77E-14AFD7EC2D12}.Release|Any CPU.Build.0 = Release|Any CPU
	EndGlobalSection
	GlobalSection(SolutionProperties) = preSolution
		HideSolutionNode = FALSE
	EndGlobalSection
	GlobalSection(ExtensibilityGlobals) = postSolution
		SolutionGuid = {AC5CFFC0-C77B-4302-A2F6-682CCABAD628}
	EndGlobalSection
EndGlobal
